// !$*UTF8*$!
{
	archiveVersion = 1;
	classes = {
	};
	objectVersion = 46;
	objects = {

/* Begin PBXBuildFile section */
		86A44F5B1E7653AE00C0985C /* AppDelegate.swift in Sources */ = {isa = PBXBuildFile; fileRef = 86A44F5A1E7653AE00C0985C /* AppDelegate.swift */; };
		86A44F5D1E7653AE00C0985C /* ViewController.swift in Sources */ = {isa = PBXBuildFile; fileRef = 86A44F5C1E7653AE00C0985C /* ViewController.swift */; };
		86A44F601E7653AE00C0985C /* Main.storyboard in Resources */ = {isa = PBXBuildFile; fileRef = 86A44F5E1E7653AE00C0985C /* Main.storyboard */; };
		86A44F621E7653AE00C0985C /* Assets.xcassets in Resources */ = {isa = PBXBuildFile; fileRef = 86A44F611E7653AE00C0985C /* Assets.xcassets */; };
		86A44F651E7653AE00C0985C /* LaunchScreen.storyboard in Resources */ = {isa = PBXBuildFile; fileRef = 86A44F631E7653AE00C0985C /* LaunchScreen.storyboard */; };
/* End PBXBuildFile section */

/* Begin PBXFileReference section */
		86A44F571E7653AE00C0985C /* FirstDemo.app */ = {isa = PBXFileReference; explicitFileType = wrapper.application; includeInIndex = 0; path = FirstDemo.app; sourceTree = BUILT_PRODUCTS_DIR; };
		86A44F5A1E7653AE00C0985C /* AppDelegate.swift */ = {isa = PBXFileReference; lastKnownFileType = sourcecode.swift; path = AppDelegate.swift; sourceTree = "<group>"; };
		86A44F5C1E7653AE00C0985C /* ViewController.swift */ = {isa = PBXFileReference; lastKnownFileType = sourcecode.swift; path = ViewController.swift; sourceTree = "<group>"; };
		86A44F5F1E7653AE00C0985C /* Base */ = {isa = PBXFileReference; lastKnownFileType = file.storyboard; name = Base; path = Base.lproj/Main.storyboard; sourceTree = "<group>"; };
		86A44F611E7653AE00C0985C /* Assets.xcassets */ = {isa = PBXFileReference; lastKnownFileType = folder.assetcatalog; path = Assets.xcassets; sourceTree = "<group>"; };
		86A44F641E7653AE00C0985C /* Base */ = {isa = PBXFileReference; lastKnownFileType = file.storyboard; name = Base; path = Base.lproj/LaunchScreen.storyboard; sourceTree = "<group>"; };
		86A44F661E7653AE00C0985C /* Info.plist */ = {isa = PBXFileReference; lastKnownFileType = text.plist.xml; path = Info.plist; sourceTree = "<group>"; };
/* End PBXFileReference section */

/* Begin PBXFrameworksBuildPhase section */
		86A44F541E7653AE00C0985C /* Frameworks */ = {
			isa = PBXFrameworksBuildPhase;
			buildActionMask = 2147483647;
			files = (
			);
			runOnlyForDeploymentPostprocessing = 0;
		};
/* End PBXFrameworksBuildPhase section */

/* Begin PBXGroup section */
		86A44F4E1E7653AE00C0985C = {
			isa = PBXGroup;
			children = (
				86A44F591E7653AE00C0985C /* FirstDemo */,
				86A44F581E7653AE00C0985C /* Products */,
			);
			sourceTree = "<group>";
		};
		86A44F581E7653AE00C0985C /* Products */ = {
			isa = PBXGroup;
			children = (
				86A44F571E7653AE00C0985C /* FirstDemo.app */,
			);
			name = Products;
			sourceTree = "<group>";
		};
		86A44F591E7653AE00C0985C /* FirstDemo */ = {
			isa = PBXGroup;
			children = (
				86A44F5A1E7653AE00C0985C /* AppDelegate.swift */,
				86A44F5C1E7653AE00C0985C /* ViewController.swift */,
				86A44F5E1E7653AE00C0985C /* Main.storyboard */,
				86A44F611E7653AE00C0985C /* Assets.xcassets */,
				86A44F631E7653AE00C0985C /* LaunchScreen.storyboard */,
				86A44F661E7653AE00C0985C /* Info.plist */,
			);
			path = FirstDemo;
			sourceTree = "<group>";
		};
/* End PBXGroup section */

/* Begin PBXNativeTarget section */
		86A44F561E7653AE00C0985C /* FirstDemo */ = {
			isa = PBXNativeTarget;
			buildConfigurationList = 86A44F691E7653AE00C0985C /* Build configuration list for PBXNativeTarget "FirstDemo" */;
			buildPhases = (
				86A44F531E7653AE00C0985C /* Sources */,
				86A44F541E7653AE00C0985C /* Frameworks */,
				86A44F551E7653AE00C0985C /* Resources */,
			);
			buildRules = (
			);
			dependencies = (
			);
			name = FirstDemo;
			productName = FirstDemo;
			productReference = 86A44F571E7653AE00C0985C /* FirstDemo.app */;
			productType = "com.apple.product-type.application";
		};
/* End PBXNativeTarget section */

/* Begin PBXProject section */
		86A44F4F1E7653AE00C0985C /* Project object */ = {
			isa = PBXProject;
			attributes = {
				LastSwiftUpdateCheck = 0820;
				LastUpgradeCheck = 0820;
				ORGANIZATIONNAME = "周彥宏";
				TargetAttributes = {
					86A44F561E7653AE00C0985C = {
						CreatedOnToolsVersion = 8.2.1;
						DevelopmentTeam = 92HWESPBV3;
						ProvisioningStyle = Automatic;
					};
				};
			};
			buildConfigurationList = 86A44F521E7653AE00C0985C /* Build configuration list for PBXProject "FirstDemo" */;
			compatibilityVersion = "Xcode 3.2";
			developmentRegion = English;
			hasScannedForEncodings = 0;
			knownRegions = (
				en,
				Base,
			);
			mainGroup = 86A44F4E1E7653AE00C0985C;
			productRefGroup = 86A44F581E7653AE00C0985C /* Products */;
			projectDirPath = "";
			projectRoot = "";
			targets = (
				86A44F561E7653AE00C0985C /* FirstDemo */,
			);
		};
/* End PBXProject section */

/* Begin PBXResourcesBuildPhase section */
		86A44F551E7653AE00C0985C /* Resources */ = {
			isa = PBXResourcesBuildPhase;
			buildActionMask = 2147483647;
			files = (
				86A44F651E7653AE00C0985C /* LaunchScreen.storyboard in Resources */,
				86A44F621E7653AE00C0985C /* Assets.xcassets in Resources */,
				86A44F601E7653AE00C0985C /* Main.storyboard in Resources */,
			);
			runOnlyForDeploymentPostprocessing = 0;
		};
/* End PBXResourcesBuildPhase section */

/* Begin PBXSourcesBuildPhase section */
		86A44F531E7653AE00C0985C /* Sources */ = {
			isa = PBXSourcesBuildPhase;
			buildActionMask = 2147483647;
			files = (
				86A44F5D1E7653AE00C0985C /* ViewController.swift in Sources */,
				86A44F5B1E7653AE00C0985C /* AppDelegate.swift in Sources */,
			);
			runOnlyForDeploymentPostprocessing = 0;
		};
/* End PBXSourcesBuildPhase section */

/* Begin PBXVariantGroup section */
		86A44F5E1E7653AE00C0985C /* Main.storyboard */ = {
			isa = PBXVariantGroup;
			children = (
				86A44F5F1E7653AE00C0985C /* Base */,
			);
			name = Main.storyboard;
			sourceTree = "<group>";
		};
		86A44F631E7653AE00C0985C /* LaunchScreen.storyboard */ = {
			isa = PBXVariantGroup;
			children = (
				86A44F641E7653AE00C0985C /* Base */,
			);
			name = LaunchScreen.storyboard;
			sourceTree = "<group>";
		};
/* End PBXVariantGroup section */

/* Begin XCBuildConfiguration section */
		86A44F671E7653AE00C0985C /* Debug */ = {
			isa = XCBuildConfiguration;
			buildSettings = {
				ALWAYS_SEARCH_USER_PATHS = NO;
				CLANG_ANALYZER_NONNULL = YES;
				CLANG_CXX_LANGUAGE_STANDARD = "gnu++0x";
				CLANG_CXX_LIBRARY = "libc++";
				CLANG_ENABLE_MODULES = YES;
				CLANG_ENABLE_OBJC_ARC = YES;
				CLANG_WARN_BOOL_CONVERSION = YES;
				CLANG_WARN_CONSTANT_CONVERSION = YES;
				CLANG_WARN_DIRECT_OBJC_ISA_USAGE = YES_ERROR;
				CLANG_WARN_DOCUMENTATION_COMMENTS = YES;
				CLANG_WARN_EMPTY_BODY = YES;
				CLANG_WARN_ENUM_CONVERSION = YES;
				CLANG_WARN_INFINITE_RECURSION = YES;
				CLANG_WARN_INT_CONVERSION = YES;
				CLANG_WARN_OBJC_ROOT_CLASS = YES_ERROR;
				CLANG_WARN_SUSPICIOUS_MOVE = YES;
				CLANG_WARN_UNREACHABLE_CODE = YES;
				CLANG_WARN__DUPLICATE_METHOD_MATCH = YES;
				"CODE_SIGN_IDENTITY[sdk=iphoneos*]" = "iPhone Developer";
				COPY_PHASE_STRIP = NO;
				DEBUG_INFORMATION_FORMAT = dwarf;
				ENABLE_STRICT_OBJC_MSGSEND = YES;
				ENABLE_TESTABILITY = YES;
				GCC_C_LANGUAGE_STANDARD = gnu99;
				GCC_DYNAMIC_NO_PIC = NO;
				GCC_NO_COMMON_BLOCKS = YES;
				GCC_OPTIMIZATION_LEVEL = 0;
				GCC_PREPROCESSOR_DEFINITIONS = (
					"DEBUG=1",
					"$(inherited)",
				);
				GCC_WARN_64_TO_32_BIT_CONVERSION = YES;
				GCC_WARN_ABOUT_RETURN_TYPE = YES_ERROR;
				GCC_WARN_UNDECLARED_SELECTOR = YES;
				GCC_WARN_UNINITIALIZED_AUTOS = YES_AGGRESSIVE;
				GCC_WARN_UNUSED_FUNCTION = YES;
				GCC_WARN_UNUSED_VARIABLE = YES;
				IPHONEOS_DEPLOYMENT_TARGET = 10.2;
				MTL_ENABLE_DEBUG_INFO = YES;
				ONLY_ACTIVE_ARCH = YES;
				SDKROOT = iphoneos;
				SWIFT_ACTIVE_COMPILATION_CONDITIONS = DEBUG;
				SWIFT_OPTIMIZATION_LEVEL = "-Onone";
			};
			name = Debug;
		};
		86A44F681E7653AE00C0985C /* Release */ = {
			isa = XCBuildConfiguration;
			buildSettings = {
				ALWAYS_SEARCH_USER_PATHS = NO;
				CLANG_ANALYZER_NONNULL = YES;
				CLANG_CXX_LANGUAGE_STANDARD = "gnu++0x";
				CLANG_CXX_LIBRARY = "libc++";
				CLANG_ENABLE_MODULES = YES;
				CLANG_ENABLE_OBJC_ARC = YES;
				CLANG_WARN_BOOL_CONVERSION = YES;
				CLANG_WARN_CONSTANT_CONVERSION = YES;
				CLANG_WARN_DIRECT_OBJC_ISA_USAGE = YES_ERROR;
				CLANG_WARN_DOCUMENTATION_COMMENTS = YES;
				CLANG_WARN_EMPTY_BODY = YES;
				CLANG_WARN_ENUM_CONVERSION = YES;
				CLANG_WARN_INFINITE_RECURSION = YES;
				CLANG_WARN_INT_CONVERSION = YES;
				CLANG_WARN_OBJC_ROOT_CLASS = YES_ERROR;
				CLANG_WARN_SUSPICIOUS_MOVE = YES;
				CLANG_WARN_UNREACHABLE_CODE = YES;
				CLANG_WARN__DUPLICATE_METHOD_MATCH = YES;
				"CODE_SIGN_IDENTITY[sdk=iphoneos*]" = "iPhone Developer";
				COPY_PHASE_STRIP = NO;
				DEBUG_INFORMATION_FORMAT = "dwarf-with-dsym";
				ENABLE_NS_ASSERTIONS = NO;
				ENABLE_STRICT_OBJC_MSGSEND = YES;
				GCC_C_LANGUAGE_STANDARD = gnu99;
				GCC_NO_COMMON_BLOCKS = YES;
				GCC_WARN_64_TO_32_BIT_CONVERSION = YES;
				GCC_WARN_ABOUT_RETURN_TYPE = YES_ERROR;
				GCC_WARN_UNDECLARED_SELECTOR = YES;
				GCC_WARN_UNINITIALIZED_AUTOS = YES_AGGRESSIVE;
				GCC_WARN_UNUSED_FUNCTION = YES;
				GCC_WARN_UNUSED_VARIABLE = YES;
				IPHONEOS_DEPLOYMENT_TARGET = 10.2;
				MTL_ENABLE_DEBUG_INFO = NO;
				SDKROOT = iphoneos;
				SWIFT_OPTIMIZATION_LEVEL = "-Owholemodule";
				VALIDATE_PRODUCT = YES;
			};
			name = Release;
		};
		86A44F6A1E7653AE00C0985C /* Debug */ = {
			isa = XCBuildConfiguration;
			buildSettings = {
				ASSETCATALOG_COMPILER_APPICON_NAME = AppIcon;
				DEVELOPMENT_TEAM = 92HWESPBV3;
				INFOPLIST_FILE = FirstDemo/Info.plist;
				LD_RUNPATH_SEARCH_PATHS = "$(inherited) @executable_path/Frameworks";
				PRODUCT_BUNDLE_IDENTIFIER = jidca2016.book.FirstDemo;
				PRODUCT_NAME = "$(TARGET_NAME)";
				SWIFT_VERSION = 3.0;
			};
			name = Debug;
		};
		86A44F6B1E7653AE00C0985C /* Release */ = {
			isa = XCBuildConfiguration;
			buildSettings = {
				ASSETCATALOG_COMPILER_APPICON_NAME = AppIcon;
				DEVELOPMENT_TEAM = 92HWESPBV3;
				INFOPLIST_FILE = FirstDemo/Info.plist;
				LD_RUNPATH_SEARCH_PATHS = "$(inherited) @executable_path/Frameworks";
				PRODUCT_BUNDLE_IDENTIFIER = jidca2016.book.FirstDemo;
				PRODUCT_NAME = "$(TARGET_NAME)";
				SWIFT_VERSION = 3.0;
			};
			name = Release;
		};
/* End XCBuildConfiguration section */

/* Begin XCConfigurationList section */
		86A44F521E7653AE00C0985C /* Build configuration list for PBXProject "FirstDemo" */ = {
			isa = XCConfigurationList;
			buildConfigurations = (
				86A44F671E7653AE00C0985C /* Debug */,
				86A44F681E7653AE00C0985C /* Release */,
			);
			defaultConfigurationIsVisible = 0;
			defaultConfigurationName = Release;
		};
		86A44F691E7653AE00C0985C /* Build configuration list for PBXNativeTarget "FirstDemo" */ = {
			isa = XCConfigurationList;
			buildConfigurations = (
				86A44F6A1E7653AE00C0985C /* Debug */,
				86A44F6B1E7653AE00C0985C /* Release */,
			);
			defaultConfigurationIsVisible = 0;
		};
/* End XCConfigurationList section */
	};
	rootObject = 86A44F4F1E7653AE00C0985C /* Project object */;
}
